// !$*UTF8*$!
{
	archiveVersion = 1;
	classes = {
	};
	objectVersion = 50;
	objects = {

/* Begin PBXBuildFile section */
		743ADA48235C8CAE0024E017 /* AppDelegate.swift in Sources */ = {isa = PBXBuildFile; fileRef = 743ADA47235C8CAE0024E017 /* AppDelegate.swift */; };
		743ADA4A235C8CAE0024E017 /* ViewController.swift in Sources */ = {isa = PBXBuildFile; fileRef = 743ADA49235C8CAE0024E017 /* ViewController.swift */; };
		743ADA4D235C8CAE0024E017 /* Main.storyboard in Resources */ = {isa = PBXBuildFile; fileRef = 743ADA4B235C8CAE0024E017 /* Main.storyboard */; };
		743ADA4F235C8CAF0024E017 /* Assets.xcassets in Resources */ = {isa = PBXBuildFile; fileRef = 743ADA4E235C8CAF0024E017 /* Assets.xcassets */; };
		743ADA52235C8CAF0024E017 /* LaunchScreen.storyboard in Resources */ = {isa = PBXBuildFile; fileRef = 743ADA50235C8CAF0024E017 /* LaunchScreen.storyboard */; };
		743ADA60235C92780024E017 /* AppDelegate.swift in Sources */ = {isa = PBXBuildFile; fileRef = 743ADA5F235C92780024E017 /* AppDelegate.swift */; };
		743ADA62235C92780024E017 /* SceneDelegate.swift in Sources */ = {isa = PBXBuildFile; fileRef = 743ADA61235C92780024E017 /* SceneDelegate.swift */; };
		743ADA67235C92780024E017 /* Main.storyboard in Resources */ = {isa = PBXBuildFile; fileRef = 743ADA65235C92780024E017 /* Main.storyboard */; };
		743ADA69235C92780024E017 /* Assets.xcassets in Resources */ = {isa = PBXBuildFile; fileRef = 743ADA68235C92780024E017 /* Assets.xcassets */; };
		743ADA6C235C92790024E017 /* LaunchScreen.storyboard in Resources */ = {isa = PBXBuildFile; fileRef = 743ADA6A235C92780024E017 /* LaunchScreen.storyboard */; };
		743ADA71235C928D0024E017 /* ViewController.swift in Sources */ = {isa = PBXBuildFile; fileRef = 743ADA49235C8CAE0024E017 /* ViewController.swift */; };
/* End PBXBuildFile section */

/* Begin PBXFileReference section */
		743ADA44235C8CAE0024E017 /* bug-collectionview.app */ = {isa = PBXFileReference; explicitFileType = wrapper.application; includeInIndex = 0; path = "bug-collectionview.app"; sourceTree = BUILT_PRODUCTS_DIR; };
		743ADA47235C8CAE0024E017 /* AppDelegate.swift */ = {isa = PBXFileReference; lastKnownFileType = sourcecode.swift; path = AppDelegate.swift; sourceTree = "<group>"; };
		743ADA49235C8CAE0024E017 /* ViewController.swift */ = {isa = PBXFileReference; lastKnownFileType = sourcecode.swift; path = ViewController.swift; sourceTree = "<group>"; };
		743ADA4C235C8CAE0024E017 /* Base */ = {isa = PBXFileReference; lastKnownFileType = file.storyboard; name = Base; path = Base.lproj/Main.storyboard; sourceTree = "<group>"; };
		743ADA4E235C8CAF0024E017 /* Assets.xcassets */ = {isa = PBXFileReference; lastKnownFileType = folder.assetcatalog; path = Assets.xcassets; sourceTree = "<group>"; };
		743ADA51235C8CAF0024E017 /* Base */ = {isa = PBXFileReference; lastKnownFileType = file.storyboard; name = Base; path = Base.lproj/LaunchScreen.storyboard; sourceTree = "<group>"; };
		743ADA53235C8CAF0024E017 /* Info.plist */ = {isa = PBXFileReference; lastKnownFileType = text.plist.xml; path = Info.plist; sourceTree = "<group>"; };
		743ADA5D235C92780024E017 /* bugios-collectionview.app */ = {isa = PBXFileReference; explicitFileType = wrapper.application; includeInIndex = 0; path = "bugios-collectionview.app"; sourceTree = BUILT_PRODUCTS_DIR; };
		743ADA5F235C92780024E017 /* AppDelegate.swift */ = {isa = PBXFileReference; lastKnownFileType = sourcecode.swift; path = AppDelegate.swift; sourceTree = "<group>"; };
		743ADA61235C92780024E017 /* SceneDelegate.swift */ = {isa = PBXFileReference; lastKnownFileType = sourcecode.swift; path = SceneDelegate.swift; sourceTree = "<group>"; };
		743ADA66235C92780024E017 /* Base */ = {isa = PBXFileReference; lastKnownFileType = file.storyboard; name = Base; path = Base.lproj/Main.storyboard; sourceTree = "<group>"; };
		743ADA68235C92780024E017 /* Assets.xcassets */ = {isa = PBXFileReference; lastKnownFileType = folder.assetcatalog; path = Assets.xcassets; sourceTree = "<group>"; };
		743ADA6B235C92790024E017 /* Base */ = {isa = PBXFileReference; lastKnownFileType = file.storyboard; name = Base; path = Base.lproj/LaunchScreen.storyboard; sourceTree = "<group>"; };
		743ADA6D235C92790024E017 /* Info.plist */ = {isa = PBXFileReference; lastKnownFileType = text.plist.xml; path = Info.plist; sourceTree = "<group>"; };
/* End PBXFileReference section */

/* Begin PBXFrameworksBuildPhase section */
		743ADA41235C8CAE0024E017 /* Frameworks */ = {
			isa = PBXFrameworksBuildPhase;
			buildActionMask = 2147483647;
			files = (
			);
			runOnlyForDeploymentPostprocessing = 0;
		};
		743ADA5A235C92780024E017 /* Frameworks */ = {
			isa = PBXFrameworksBuildPhase;
			buildActionMask = 2147483647;
			files = (
			);
			runOnlyForDeploymentPostprocessing = 0;
		};
/* End PBXFrameworksBuildPhase section */

/* Begin PBXGroup section */
		743ADA3B235C8CAE0024E017 = {
			isa = PBXGroup;
			children = (
				743ADA46235C8CAE0024E017 /* bug-collectionview */,
				743ADA5E235C92780024E017 /* bugios-collectionview */,
				743ADA45235C8CAE0024E017 /* Products */,
			);
			sourceTree = "<group>";
		};
		743ADA45235C8CAE0024E017 /* Products */ = {
			isa = PBXGroup;
			children = (
				743ADA44235C8CAE0024E017 /* bug-collectionview.app */,
				743ADA5D235C92780024E017 /* bugios-collectionview.app */,
			);
			name = Products;
			sourceTree = "<group>";
		};
		743ADA46235C8CAE0024E017 /* bug-collectionview */ = {
			isa = PBXGroup;
			children = (
				743ADA47235C8CAE0024E017 /* AppDelegate.swift */,
				743ADA49235C8CAE0024E017 /* ViewController.swift */,
				743ADA4B235C8CAE0024E017 /* Main.storyboard */,
				743ADA4E235C8CAF0024E017 /* Assets.xcassets */,
				743ADA50235C8CAF0024E017 /* LaunchScreen.storyboard */,
				743ADA53235C8CAF0024E017 /* Info.plist */,
			);
			path = "bug-collectionview";
			sourceTree = "<group>";
		};
		743ADA5E235C92780024E017 /* bugios-collectionview */ = {
			isa = PBXGroup;
			children = (
				743ADA5F235C92780024E017 /* AppDelegate.swift */,
				743ADA61235C92780024E017 /* SceneDelegate.swift */,
				743ADA65235C92780024E017 /* Main.storyboard */,
				743ADA68235C92780024E017 /* Assets.xcassets */,
				743ADA6A235C92780024E017 /* LaunchScreen.storyboard */,
				743ADA6D235C92790024E017 /* Info.plist */,
			);
			path = "bugios-collectionview";
			sourceTree = "<group>";
		};
/* End PBXGroup section */

/* Begin PBXNativeTarget section */
		743ADA43235C8CAE0024E017 /* bug-collectionview */ = {
			isa = PBXNativeTarget;
			buildConfigurationList = 743ADA56235C8CAF0024E017 /* Build configuration list for PBXNativeTarget "bug-collectionview" */;
			buildPhases = (
				743ADA40235C8CAE0024E017 /* Sources */,
				743ADA41235C8CAE0024E017 /* Frameworks */,
				743ADA42235C8CAE0024E017 /* Resources */,
			);
			buildRules = (
			);
			dependencies = (
			);
			name = "bug-collectionview";
			productName = "bug-collectionview";
			productReference = 743ADA44235C8CAE0024E017 /* bug-collectionview.app */;
			productType = "com.apple.product-type.application";
		};
		743ADA5C235C92780024E017 /* bugios-collectionview */ = {
			isa = PBXNativeTarget;
			buildConfigurationList = 743ADA6E235C92790024E017 /* Build configuration list for PBXNativeTarget "bugios-collectionview" */;
			buildPhases = (
				743ADA59235C92780024E017 /* Sources */,
				743ADA5A235C92780024E017 /* Frameworks */,
				743ADA5B235C92780024E017 /* Resources */,
			);
			buildRules = (
			);
			dependencies = (
			);
			name = "bugios-collectionview";
			productName = "bugios-collectionview";
			productReference = 743ADA5D235C92780024E017 /* bugios-collectionview.app */;
			productType = "com.apple.product-type.application";
		};
/* End PBXNativeTarget section */

/* Begin PBXProject section */
		743ADA3C235C8CAE0024E017 /* Project object */ = {
			isa = PBXProject;
			attributes = {
				LastSwiftUpdateCheck = 1110;
				LastUpgradeCheck = 1110;
				ORGANIZATIONNAME = Nothing;
				TargetAttributes = {
					743ADA43235C8CAE0024E017 = {
						CreatedOnToolsVersion = 11.1;
					};
					743ADA5C235C92780024E017 = {
						CreatedOnToolsVersion = 11.1;
					};
				};
			};
			buildConfigurationList = 743ADA3F235C8CAE0024E017 /* Build configuration list for PBXProject "bug-collectionview" */;
			compatibilityVersion = "Xcode 9.3";
			developmentRegion = en;
			hasScannedForEncodings = 0;
			knownRegions = (
				en,
				Base,
			);
			mainGroup = 743ADA3B235C8CAE0024E017;
			productRefGroup = 743ADA45235C8CAE0024E017 /* Products */;
			projectDirPath = "";
			projectRoot = "";
			targets = (
				743ADA43235C8CAE0024E017 /* bug-collectionview */,
				743ADA5C235C92780024E017 /* bugios-collectionview */,
			);
		};
/* End PBXProject section */

/* Begin PBXResourcesBuildPhase section */
		743ADA42235C8CAE0024E017 /* Resources */ = {
			isa = PBXResourcesBuildPhase;
			buildActionMask = 2147483647;
			files = (
				743ADA52235C8CAF0024E017 /* LaunchScreen.storyboard in Resources */,
				743ADA4F235C8CAF0024E017 /* Assets.xcassets in Resources */,
				743ADA4D235C8CAE0024E017 /* Main.storyboard in Resources */,
			);
			runOnlyForDeploymentPostprocessing = 0;
		};
		743ADA5B235C92780024E017 /* Resources */ = {
			isa = PBXResourcesBuildPhase;
			buildActionMask = 2147483647;
			files = (
				743ADA6C235C92790024E017 /* LaunchScreen.storyboard in Resources */,
				743ADA69235C92780024E017 /* Assets.xcassets in Resources */,
				743ADA67235C92780024E017 /* Main.storyboard in Resources */,
			);
			runOnlyForDeploymentPostprocessing = 0;
		};
/* End PBXResourcesBuildPhase section */

/* Begin PBXSourcesBuildPhase section */
		743ADA40235C8CAE0024E017 /* Sources */ = {
			isa = PBXSourcesBuildPhase;
			buildActionMask = 2147483647;
			files = (
				743ADA4A235C8CAE0024E017 /* ViewController.swift in Sources */,
				743ADA48235C8CAE0024E017 /* AppDelegate.swift in Sources */,
			);
			runOnlyForDeploymentPostprocessing = 0;
		};
		743ADA59235C92780024E017 /* Sources */ = {
			isa = PBXSourcesBuildPhase;
			buildActionMask = 2147483647;
			files = (
				743ADA71235C928D0024E017 /* ViewController.swift in Sources */,
				743ADA60235C92780024E017 /* AppDelegate.swift in Sources */,
				743ADA62235C92780024E017 /* SceneDelegate.swift in Sources */,
			);
			runOnlyForDeploymentPostprocessing = 0;
		};
/* End PBXSourcesBuildPhase section */

/* Begin PBXVariantGroup section */
		743ADA4B235C8CAE0024E017 /* Main.storyboard */ = {
			isa = PBXVariantGroup;
			children = (
				743ADA4C235C8CAE0024E017 /* Base */,
			);
			name = Main.storyboard;
			sourceTree = "<group>";
		};
		743ADA50235C8CAF0024E017 /* LaunchScreen.storyboard */ = {
			isa = PBXVariantGroup;
			children = (
				743ADA51235C8CAF0024E017 /* Base */,
			);
			name = LaunchScreen.storyboard;
			sourceTree = "<group>";
		};
		743ADA65235C92780024E017 /* Main.storyboard */ = {
			isa = PBXVariantGroup;
			children = (
				743ADA66235C92780024E017 /* Base */,
			);
			name = Main.storyboard;
			sourceTree = "<group>";
		};
		743ADA6A235C92780024E017 /* LaunchScreen.storyboard */ = {
			isa = PBXVariantGroup;
			children = (
				743ADA6B235C92790024E017 /* Base */,
			);
			name = LaunchScreen.storyboard;
			sourceTree = "<group>";
		};
/* End PBXVariantGroup section */

/* Begin XCBuildConfiguration section */
		743ADA54235C8CAF0024E017 /* Debug */ = {
			isa = XCBuildConfiguration;
			buildSettings = {
				ALWAYS_SEARCH_USER_PATHS = NO;
				CLANG_ANALYZER_NONNULL = YES;
				CLANG_ANALYZER_NUMBER_OBJECT_CONVERSION = YES_AGGRESSIVE;
				CLANG_CXX_LANGUAGE_STANDARD = "gnu++14";
				CLANG_CXX_LIBRARY = "libc++";
				CLANG_ENABLE_MODULES = YES;
				CLANG_ENABLE_OBJC_ARC = YES;
				CLANG_ENABLE_OBJC_WEAK = YES;
				CLANG_WARN_BLOCK_CAPTURE_AUTORELEASING = YES;
				CLANG_WARN_BOOL_CONVERSION = YES;
				CLANG_WARN_COMMA = YES;
				CLANG_WARN_CONSTANT_CONVERSION = YES;
				CLANG_WARN_DEPRECATED_OBJC_IMPLEMENTATIONS = YES;
				CLANG_WARN_DIRECT_OBJC_ISA_USAGE = YES_ERROR;
				CLANG_WARN_DOCUMENTATION_COMMENTS = YES;
				CLANG_WARN_EMPTY_BODY = YES;
				CLANG_WARN_ENUM_CONVERSION = YES;
				CLANG_WARN_INFINITE_RECURSION = YES;
				CLANG_WARN_INT_CONVERSION = YES;
				CLANG_WARN_NON_LITERAL_NULL_CONVERSION = YES;
				CLANG_WARN_OBJC_IMPLICIT_RETAIN_SELF = YES;
				CLANG_WARN_OBJC_LITERAL_CONVERSION = YES;
				CLANG_WARN_OBJC_ROOT_CLASS = YES_ERROR;
				CLANG_WARN_RANGE_LOOP_ANALYSIS = YES;
				CLANG_WARN_STRICT_PROTOTYPES = YES;
				CLANG_WARN_SUSPICIOUS_MOVE = YES;
				CLANG_WARN_UNGUARDED_AVAILABILITY = YES_AGGRESSIVE;
				CLANG_WARN_UNREACHABLE_CODE = YES;
				CLANG_WARN__DUPLICATE_METHOD_MATCH = YES;
				COPY_PHASE_STRIP = NO;
				DEBUG_INFORMATION_FORMAT = dwarf;
				ENABLE_STRICT_OBJC_MSGSEND = YES;
				ENABLE_TESTABILITY = YES;
				GCC_C_LANGUAGE_STANDARD = gnu11;
				GCC_DYNAMIC_NO_PIC = NO;
				GCC_NO_COMMON_BLOCKS = YES;
				GCC_OPTIMIZATION_LEVEL = 0;
				GCC_PREPROCESSOR_DEFINITIONS = (
					"DEBUG=1",
					"$(inherited)",
				);
				GCC_WARN_64_TO_32_BIT_CONVERSION = YES;
				GCC_WARN_ABOUT_RETURN_TYPE = YES_ERROR;
				GCC_WARN_UNDECLARED_SELECTOR = YES;
				GCC_WARN_UNINITIALIZED_AUTOS = YES_AGGRESSIVE;
				GCC_WARN_UNUSED_FUNCTION = YES;
				GCC_WARN_UNUSED_VARIABLE = YES;
				MTL_ENABLE_DEBUG_INFO = INCLUDE_SOURCE;
				MTL_FAST_MATH = YES;
				ONLY_ACTIVE_ARCH = YES;
				SDKROOT = appletvos;
				SWIFT_ACTIVE_COMPILATION_CONDITIONS = DEBUG;
				SWIFT_OPTIMIZATION_LEVEL = "-Onone";
				TVOS_DEPLOYMENT_TARGET = 13.0;
			};
			name = Debug;
		};
		743ADA55235C8CAF0024E017 /* Release */ = {
			isa = XCBuildConfiguration;
			buildSettings = {
				ALWAYS_SEARCH_USER_PATHS = NO;
				CLANG_ANALYZER_NONNULL = YES;
				CLANG_ANALYZER_NUMBER_OBJECT_CONVERSION = YES_AGGRESSIVE;
				CLANG_CXX_LANGUAGE_STANDARD = "gnu++14";
				CLANG_CXX_LIBRARY = "libc++";
				CLANG_ENABLE_MODULES = YES;
				CLANG_ENABLE_OBJC_ARC = YES;
				CLANG_ENABLE_OBJC_WEAK = YES;
				CLANG_WARN_BLOCK_CAPTURE_AUTORELEASING = YES;
				CLANG_WARN_BOOL_CONVERSION = YES;
				CLANG_WARN_COMMA = YES;
				CLANG_WARN_CONSTANT_CONVERSION = YES;
				CLANG_WARN_DEPRECATED_OBJC_IMPLEMENTATIONS = YES;
				CLANG_WARN_DIRECT_OBJC_ISA_USAGE = YES_ERROR;
				CLANG_WARN_DOCUMENTATION_COMMENTS = YES;
				CLANG_WARN_EMPTY_BODY = YES;
				CLANG_WARN_ENUM_CONVERSION = YES;
				CLANG_WARN_INFINITE_RECURSION = YES;
				CLANG_WARN_INT_CONVERSION = YES;
				CLANG_WARN_NON_LITERAL_NULL_CONVERSION = YES;
				CLANG_WARN_OBJC_IMPLICIT_RETAIN_SELF = YES;
				CLANG_WARN_OBJC_LITERAL_CONVERSION = YES;
				CLANG_WARN_OBJC_ROOT_CLASS = YES_ERROR;
				CLANG_WARN_RANGE_LOOP_ANALYSIS = YES;
				CLANG_WARN_STRICT_PROTOTYPES = YES;
				CLANG_WARN_SUSPICIOUS_MOVE = YES;
				CLANG_WARN_UNGUARDED_AVAILABILITY = YES_AGGRESSIVE;
				CLANG_WARN_UNREACHABLE_CODE = YES;
				CLANG_WARN__DUPLICATE_METHOD_MATCH = YES;
				COPY_PHASE_STRIP = NO;
				DEBUG_INFORMATION_FORMAT = "dwarf-with-dsym";
				ENABLE_NS_ASSERTIONS = NO;
				ENABLE_STRICT_OBJC_MSGSEND = YES;
				GCC_C_LANGUAGE_STANDARD = gnu11;
				GCC_NO_COMMON_BLOCKS = YES;
				GCC_WARN_64_TO_32_BIT_CONVERSION = YES;
				GCC_WARN_ABOUT_RETURN_TYPE = YES_ERROR;
				GCC_WARN_UNDECLARED_SELECTOR = YES;
				GCC_WARN_UNINITIALIZED_AUTOS = YES_AGGRESSIVE;
				GCC_WARN_UNUSED_FUNCTION = YES;
				GCC_WARN_UNUSED_VARIABLE = YES;
				MTL_ENABLE_DEBUG_INFO = NO;
				MTL_FAST_MATH = YES;
				SDKROOT = appletvos;
				SWIFT_COMPILATION_MODE = wholemodule;
				SWIFT_OPTIMIZATION_LEVEL = "-O";
				TVOS_DEPLOYMENT_TARGET = 13.0;
				VALIDATE_PRODUCT = YES;
			};
			name = Release;
		};
		743ADA57235C8CAF0024E017 /* Debug */ = {
			isa = XCBuildConfiguration;
			buildSettings = {
				ASSETCATALOG_COMPILER_APPICON_NAME = "App Icon & Top Shelf Image";
				CODE_SIGN_STYLE = Automatic;
				DEVELOPMENT_TEAM = 2A86SZFKY4;
				INFOPLIST_FILE = "bug-collectionview/Info.plist";
				LD_RUNPATH_SEARCH_PATHS = (
					"$(inherited)",
					"@executable_path/Frameworks",
				);
				PRODUCT_BUNDLE_IDENTIFIER = "net.degrange.bug-collectionview";
				PRODUCT_NAME = "$(TARGET_NAME)";
				SWIFT_VERSION = 5.0;
				TARGETED_DEVICE_FAMILY = 3;
			};
			name = Debug;
		};
		743ADA58235C8CAF0024E017 /* Release */ = {
			isa = XCBuildConfiguration;
			buildSettings = {
				ASSETCATALOG_COMPILER_APPICON_NAME = "App Icon & Top Shelf Image";
				CODE_SIGN_STYLE = Automatic;
				DEVELOPMENT_TEAM = 2A86SZFKY4;
				INFOPLIST_FILE = "bug-collectionview/Info.plist";
				LD_RUNPATH_SEARCH_PATHS = (
					"$(inherited)",
					"@executable_path/Frameworks",
				);
				PRODUCT_BUNDLE_IDENTIFIER = "net.degrange.bug-collectionview";
				PRODUCT_NAME = "$(TARGET_NAME)";
				SWIFT_VERSION = 5.0;
				TARGETED_DEVICE_FAMILY = 3;
			};
			name = Release;
		};
		743ADA6F235C92790024E017 /* Debug */ = {
			isa = XCBuildConfiguration;
			buildSettings = {
				ASSETCATALOG_COMPILER_APPICON_NAME = AppIcon;
				CODE_SIGN_STYLE = Automatic;
				DEVELOPMENT_TEAM = 2A86SZFKY4;
				INFOPLIST_FILE = "bugios-collectionview/Info.plist";
				IPHONEOS_DEPLOYMENT_TARGET = 13.1;
				LD_RUNPATH_SEARCH_PATHS = (
					"$(inherited)",
					"@executable_path/Frameworks",
				);
				PRODUCT_BUNDLE_IDENTIFIER = "net.degrange.bugios-collectionview";
				PRODUCT_NAME = "$(TARGET_NAME)";
				SDKROOT = iphoneos;
				SWIFT_VERSION = 5.0;
				TARGETED_DEVICE_FAMILY = "1,2";
			};
			name = Debug;
		};
		743ADA70235C92790024E017 /* Release */ = {
			isa = XCBuildConfiguration;
			buildSettings = {
				ASSETCATALOG_COMPILER_APPICON_NAME = AppIcon;
				CODE_SIGN_STYLE = Automatic;
				DEVELOPMENT_TEAM = 2A86SZFKY4;
				INFOPLIST_FILE = "bugios-collectionview/Info.plist";
				IPHONEOS_DEPLOYMENT_TARGET = 13.1;
				LD_RUNPATH_SEARCH_PATHS = (
					"$(inherited)",
					"@executable_path/Frameworks",
				);
				PRODUCT_BUNDLE_IDENTIFIER = "net.degrange.bugios-collectionview";
				PRODUCT_NAME = "$(TARGET_NAME)";
				SDKROOT = iphoneos;
				SWIFT_VERSION = 5.0;
				TARGETED_DEVICE_FAMILY = "1,2";
			};
			name = Release;
		};
/* End XCBuildConfiguration section */

/* Begin XCConfigurationList section */
		743ADA3F235C8CAE0024E017 /* Build configuration list for PBXProject "bug-collectionview" */ = {
			isa = XCConfigurationList;
			buildConfigurations = (
				743ADA54235C8CAF0024E017 /* Debug */,
				743ADA55235C8CAF0024E017 /* Release */,
			);
			defaultConfigurationIsVisible = 0;
			defaultConfigurationName = Release;
		};
		743ADA56235C8CAF0024E017 /* Build configuration list for PBXNativeTarget "bug-collectionview" */ = {
			isa = XCConfigurationList;
			buildConfigurations = (
				743ADA57235C8CAF0024E017 /* Debug */,
				743ADA58235C8CAF0024E017 /* Release */,
			);
			defaultConfigurationIsVisible = 0;
			defaultConfigurationName = Release;
		};
		743ADA6E235C92790024E017 /* Build configuration list for PBXNativeTarget "bugios-collectionview" */ = {
			isa = XCConfigurationList;
			buildConfigurations = (
				743ADA6F235C92790024E017 /* Debug */,
				743ADA70235C92790024E017 /* Release */,
			);
			defaultConfigurationIsVisible = 0;
			defaultConfigurationName = Release;
		};
/* End XCConfigurationList section */
	};
	rootObject = 743ADA3C235C8CAE0024E017 /* Project object */;
}
